uuid: 461a1d49-f119-47ef-b3a4-6f2fb6f2de5e
langcode: en
status: true
dependencies:
  module:
    - az_flexible_block
id: config_sync.module.az_flexible_block
snapshotSet: config_sync
extensionType: module
extensionName: az_flexible_block
items:
  -
    collection: ''
    name: block_content.type.az_flexible_block
    data:
      langcode: en
      status: true
      dependencies: {  }
      id: az_flexible_block
      label: 'Flexible Block'
      revision: 1
      description: 'Create a block using Arizona Bootstrap components'
      _core:
        default_config_hash: GLZes3JZ9aimKLtwBUvE73Zi-HTVjRlezF6XGs08KAQ
  -
    collection: ''
    name: core.entity_form_display.block_content.az_flexible_block.default
    data:
      langcode: en
      status: true
      dependencies:
        config:
          - block_content.type.az_flexible_block
          - field.field.block_content.az_flexible_block.field_az_main_content
        module:
          - paragraphs
      id: block_content.az_flexible_block.default
      targetEntityType: block_content
      bundle: az_flexible_block
      mode: default
      content:
        field_az_main_content:
          weight: 26
          settings:
            title: Paragraph
            title_plural: Paragraphs
            edit_mode: open
            closed_mode: summary
            autocollapse: none
            closed_mode_threshold: 0
            add_mode: button
            form_display_mode: default
            default_paragraph_type: _none
            features:
              add_above: '0'
              collapse_edit_all: collapse_edit_all
              duplicate: duplicate
          third_party_settings: {  }
          type: paragraphs
          region: content
        info:
          type: string_textfield
          weight: -5
          region: content
          settings:
            size: 60
            placeholder: ''
          third_party_settings: {  }
      hidden: {  }
      _core:
        default_config_hash: hq-guw-tSE3OhUCKUMC-uBeFraztO3Bvu76K_s-BnaE
  -
    collection: ''
    name: core.entity_view_display.block_content.az_flexible_block.default
    data:
      langcode: en
      status: true
      dependencies:
        config:
          - block_content.type.az_flexible_block
          - field.field.block_content.az_flexible_block.field_az_main_content
        module:
          - entity_reference_revisions
      id: block_content.az_flexible_block.default
      targetEntityType: block_content
      bundle: az_flexible_block
      mode: default
      content:
        field_az_main_content:
          weight: 0
          label: hidden
          settings:
            view_mode: default
            link: ''
          third_party_settings: {  }
          type: entity_reference_revisions_entity_view
          region: content
      hidden: {  }
      _core:
        default_config_hash: OofdsC38oy7TE3lDVlcZzcUATNmHwMz8u9QbMzkzF-Q
  -
    collection: ''
    name: field.field.block_content.az_flexible_block.field_az_main_content
    data:
      langcode: en
      status: true
      dependencies:
        config:
          - block_content.type.az_flexible_block
          - field.storage.block_content.field_az_main_content
        module:
          - entity_reference_revisions
      id: block_content.az_flexible_block.field_az_main_content
      field_name: field_az_main_content
      entity_type: block_content
      bundle: az_flexible_block
      label: 'Block Elements'
      description: ''
      required: false
      translatable: true
      default_value: {  }
      default_value_callback: ''
      settings:
        handler: 'default:paragraph'
        handler_settings:
          negate: 0
          target_bundles: null
          target_bundles_drag_drop:
            az_text:
              enabled: false
              weight: 2
      field_type: entity_reference_revisions
      _core:
        default_config_hash: so4TXeyQcjO2csitPdwx7oiENBBSPrEiURYrhfSobZ8
  -
    collection: ''
    name: field.storage.block_content.field_az_main_content
    data:
      langcode: en
      status: true
      dependencies:
        module:
          - block_content
          - entity_reference_revisions
          - paragraphs
      id: block_content.field_az_main_content
      field_name: field_az_main_content
      entity_type: block_content
      type: entity_reference_revisions
      settings:
        target_type: paragraph
      module: entity_reference_revisions
      locked: false
      cardinality: -1
      translatable: true
      indexes: {  }
      persist_with_no_fields: false
      custom_storage: false
      _core:
        default_config_hash: 23EEraSHcO1V4qaJThtaOtl1EfUFwJ7xjJlSoJkpFbk
